// !$*UTF8*$!
{
	archiveVersion = 1;
	classes = {
	};
	objectVersion = 46;
	objects = {

/* Begin PBXBuildFile section */
		871E2B4D1733D0080051F2B7 /* .gitattributes in Resources */ = {isa = PBXBuildFile; fileRef = 871E2AEA1733D0080051F2B7 /* .gitattributes */; };
		871E2B4E1733D0080051F2B7 /* .gitignore in Resources */ = {isa = PBXBuildFile; fileRef = 871E2AEB1733D0080051F2B7 /* .gitignore */; };
		871E2B4F1733D0080051F2B7 /* fetch_ios_ghunit.rb in Resources */ = {isa = PBXBuildFile; fileRef = 871E2AED1733D0080051F2B7 /* fetch_ios_ghunit.rb */; };
		871E2B501733D0080051F2B7 /* fetch_mac_ghunit.rb in Resources */ = {isa = PBXBuildFile; fileRef = 871E2AEE1733D0080051F2B7 /* fetch_mac_ghunit.rb */; };
		871E2B511733D0080051F2B7 /* set_version_number.rb in Resources */ = {isa = PBXBuildFile; fileRef = 871E2AEF1733D0080051F2B7 /* set_version_number.rb */; };
		871E2B521733D0080051F2B7 /* ASIAuthenticationDialog.m in Sources */ = {isa = PBXBuildFile; fileRef = 871E2AF21733D0080051F2B7 /* ASIAuthenticationDialog.m */; settings = {COMPILER_FLAGS = "-fno-objc-arc"; }; };
		871E2B531733D0080051F2B7 /* ASIDataCompressor.m in Sources */ = {isa = PBXBuildFile; fileRef = 871E2AF51733D0080051F2B7 /* ASIDataCompressor.m */; settings = {COMPILER_FLAGS = "-fno-objc-arc"; }; };
		871E2B541733D0080051F2B7 /* ASIDataDecompressor.m in Sources */ = {isa = PBXBuildFile; fileRef = 871E2AF71733D0080051F2B7 /* ASIDataDecompressor.m */; settings = {COMPILER_FLAGS = "-fno-objc-arc"; }; };
		871E2B551733D0080051F2B7 /* ASIDownloadCache.m in Sources */ = {isa = PBXBuildFile; fileRef = 871E2AF91733D0080051F2B7 /* ASIDownloadCache.m */; settings = {COMPILER_FLAGS = "-fno-objc-arc"; }; };
		871E2B561733D0080051F2B7 /* ASIFormDataRequest.m in Sources */ = {isa = PBXBuildFile; fileRef = 871E2AFB1733D0080051F2B7 /* ASIFormDataRequest.m */; settings = {COMPILER_FLAGS = "-fno-objc-arc"; }; };
		871E2B571733D0080051F2B7 /* ASIHTTPRequest.m in Sources */ = {isa = PBXBuildFile; fileRef = 871E2AFD1733D0080051F2B7 /* ASIHTTPRequest.m */; settings = {COMPILER_FLAGS = "-fno-objc-arc"; }; };
		871E2B581733D0080051F2B7 /* ASIInputStream.m in Sources */ = {isa = PBXBuildFile; fileRef = 871E2B011733D0080051F2B7 /* ASIInputStream.m */; settings = {COMPILER_FLAGS = "-fno-objc-arc"; }; };
		871E2B591733D0080051F2B7 /* ASINetworkQueue.m in Sources */ = {isa = PBXBuildFile; fileRef = 871E2B031733D0080051F2B7 /* ASINetworkQueue.m */; settings = {COMPILER_FLAGS = "-fno-objc-arc"; }; };
		871E2B5A1733D0080051F2B7 /* ASIWebPageRequest.m in Sources */ = {isa = PBXBuildFile; fileRef = 871E2B071733D0080051F2B7 /* ASIWebPageRequest.m */; settings = {COMPILER_FLAGS = "-fno-objc-arc"; }; };
		871E2B5B1733D0080051F2B7 /* ASICloudFilesCDNRequest.m in Sources */ = {isa = PBXBuildFile; fileRef = 871E2B0A1733D0080051F2B7 /* ASICloudFilesCDNRequest.m */; settings = {COMPILER_FLAGS = "-fno-objc-arc"; }; };
		871E2B5C1733D0080051F2B7 /* ASICloudFilesContainer.m in Sources */ = {isa = PBXBuildFile; fileRef = 871E2B0C1733D0080051F2B7 /* ASICloudFilesContainer.m */; settings = {COMPILER_FLAGS = "-fno-objc-arc"; }; };
		871E2B5D1733D0080051F2B7 /* ASICloudFilesContainerRequest.m in Sources */ = {isa = PBXBuildFile; fileRef = 871E2B0E1733D0080051F2B7 /* ASICloudFilesContainerRequest.m */; settings = {COMPILER_FLAGS = "-fno-objc-arc"; }; };
		871E2B5E1733D0080051F2B7 /* ASICloudFilesContainerXMLParserDelegate.m in Sources */ = {isa = PBXBuildFile; fileRef = 871E2B101733D0080051F2B7 /* ASICloudFilesContainerXMLParserDelegate.m */; settings = {COMPILER_FLAGS = "-fno-objc-arc"; }; };
		871E2B5F1733D0080051F2B7 /* ASICloudFilesObject.m in Sources */ = {isa = PBXBuildFile; fileRef = 871E2B121733D0080051F2B7 /* ASICloudFilesObject.m */; settings = {COMPILER_FLAGS = "-fno-objc-arc"; }; };
		871E2B601733D0080051F2B7 /* ASICloudFilesObjectRequest.m in Sources */ = {isa = PBXBuildFile; fileRef = 871E2B141733D0080051F2B7 /* ASICloudFilesObjectRequest.m */; settings = {COMPILER_FLAGS = "-fno-objc-arc"; }; };
		871E2B611733D0080051F2B7 /* ASICloudFilesRequest.m in Sources */ = {isa = PBXBuildFile; fileRef = 871E2B161733D0080051F2B7 /* ASICloudFilesRequest.m */; settings = {COMPILER_FLAGS = "-fno-objc-arc"; }; };
		871E2B621733D0080051F2B7 /* ASIS3Bucket.m in Sources */ = {isa = PBXBuildFile; fileRef = 871E2B1A1733D0080051F2B7 /* ASIS3Bucket.m */; settings = {COMPILER_FLAGS = "-fno-objc-arc"; }; };
		871E2B631733D0080051F2B7 /* ASIS3BucketObject.m in Sources */ = {isa = PBXBuildFile; fileRef = 871E2B1C1733D0080051F2B7 /* ASIS3BucketObject.m */; settings = {COMPILER_FLAGS = "-fno-objc-arc"; }; };
		871E2B641733D0080051F2B7 /* ASIS3BucketRequest.m in Sources */ = {isa = PBXBuildFile; fileRef = 871E2B1E1733D0080051F2B7 /* ASIS3BucketRequest.m */; settings = {COMPILER_FLAGS = "-fno-objc-arc"; }; };
		871E2B651733D0080051F2B7 /* ASIS3ObjectRequest.m in Sources */ = {isa = PBXBuildFile; fileRef = 871E2B201733D0080051F2B7 /* ASIS3ObjectRequest.m */; settings = {COMPILER_FLAGS = "-fno-objc-arc"; }; };
		871E2B661733D0080051F2B7 /* ASIS3Request.m in Sources */ = {isa = PBXBuildFile; fileRef = 871E2B221733D0080051F2B7 /* ASIS3Request.m */; settings = {COMPILER_FLAGS = "-fno-objc-arc"; }; };
		871E2B671733D0080051F2B7 /* ASIS3ServiceRequest.m in Sources */ = {isa = PBXBuildFile; fileRef = 871E2B241733D0080051F2B7 /* ASIS3ServiceRequest.m */; settings = {COMPILER_FLAGS = "-fno-objc-arc"; }; };
		871E2B771733D0080051F2B7 /* DONORS in Resources */ = {isa = PBXBuildFile; fileRef = 871E2B431733D0080051F2B7 /* DONORS */; };
		871E2B781733D0080051F2B7 /* README-GHUnit in Resources */ = {isa = PBXBuildFile; fileRef = 871E2B461733D0080051F2B7 /* README-GHUnit */; };
		871E2B791733D0080051F2B7 /* Reachability.m in Sources */ = {isa = PBXBuildFile; fileRef = 871E2B491733D0080051F2B7 /* Reachability.m */; settings = {COMPILER_FLAGS = "-fno-objc-arc"; }; };
		871E2B7A1733D0080051F2B7 /* LICENSE in Resources */ = {isa = PBXBuildFile; fileRef = 871E2B4A1733D0080051F2B7 /* LICENSE */; };
		871E2B7B1733D0080051F2B7 /* README.textile in Resources */ = {isa = PBXBuildFile; fileRef = 871E2B4B1733D0080051F2B7 /* README.textile */; };
		871E2B7C1733D0080051F2B7 /* strict.xcconfig in Resources */ = {isa = PBXBuildFile; fileRef = 871E2B4C1733D0080051F2B7 /* strict.xcconfig */; };
		8725FC26171C2DDA0010E42F /* libxml2.dylib in Frameworks */ = {isa = PBXBuildFile; fileRef = 8725FC25171C2DDA0010E42F /* libxml2.dylib */; };
		872B7824171C381A00CCDDA3 /* .gitattributes in Resources */ = {isa = PBXBuildFile; fileRef = 872B781C171C381A00CCDDA3 /* .gitattributes */; };
		872B7825171C381A00CCDDA3 /* .gitignore in Resources */ = {isa = PBXBuildFile; fileRef = 872B781D171C381A00CCDDA3 /* .gitignore */; };
		872B7826171C381A00CCDDA3 /* LICENSE in Resources */ = {isa = PBXBuildFile; fileRef = 872B781E171C381A00CCDDA3 /* LICENSE */; };
		872B7827171C381A00CCDDA3 /* MBProgressHUD.m in Sources */ = {isa = PBXBuildFile; fileRef = 872B7820171C381A00CCDDA3 /* MBProgressHUD.m */; };
		872B7828171C381A00CCDDA3 /* MBProgressHUD.podspec in Resources */ = {isa = PBXBuildFile; fileRef = 872B7821171C381A00CCDDA3 /* MBProgressHUD.podspec */; };
		872B7829171C381A00CCDDA3 /* MBProgressHUD.xcworkspace in Resources */ = {isa = PBXBuildFile; fileRef = 872B7822171C381A00CCDDA3 /* MBProgressHUD.xcworkspace */; };
		872B782A171C381A00CCDDA3 /* README.mdown in Resources */ = {isa = PBXBuildFile; fileRef = 872B7823171C381A00CCDDA3 /* README.mdown */; };
		872B796A171C3FDF00CCDDA3 /* QuartzCore.framework in Frameworks */ = {isa = PBXBuildFile; fileRef = 872B7969171C3FDF00CCDDA3 /* QuartzCore.framework */; };
		872B796C171C3FF700CCDDA3 /* MessageUI.framework in Frameworks */ = {isa = PBXBuildFile; fileRef = 872B796B171C3FF700CCDDA3 /* MessageUI.framework */; };
		872B796F171C42A800CCDDA3 /* CoreData.framework in Frameworks */ = {isa = PBXBuildFile; fileRef = 872B796E171C42A800CCDDA3 /* CoreData.framework */; };
		872B7972171C4ADA00CCDDA3 /* AttractionFactory.m in Sources */ = {isa = PBXBuildFile; fileRef = 872B7971171C4ADA00CCDDA3 /* AttractionFactory.m */; };
		8745B2D0171B19920026321B /* UIKit.framework in Frameworks */ = {isa = PBXBuildFile; fileRef = 8745B2CF171B19920026321B /* UIKit.framework */; };
		8745B2D2171B19920026321B /* Foundation.framework in Frameworks */ = {isa = PBXBuildFile; fileRef = 8745B2D1171B19920026321B /* Foundation.framework */; };
		8745B2D4171B19920026321B /* CoreGraphics.framework in Frameworks */ = {isa = PBXBuildFile; fileRef = 8745B2D3171B19920026321B /* CoreGraphics.framework */; };
		8745B2DA171B19920026321B /* InfoPlist.strings in Resources */ = {isa = PBXBuildFile; fileRef = 8745B2D8171B19920026321B /* InfoPlist.strings */; };
		8745B2DC171B19920026321B /* main.m in Sources */ = {isa = PBXBuildFile; fileRef = 8745B2DB171B19920026321B /* main.m */; };
		8745B2E0171B19920026321B /* AppDelegate.m in Sources */ = {isa = PBXBuildFile; fileRef = 8745B2DF171B19920026321B /* AppDelegate.m */; };
		8745B2E2171B19920026321B /* Default.png in Resources */ = {isa = PBXBuildFile; fileRef = 8745B2E1171B19920026321B /* Default.png */; };
		8745B2E4171B19920026321B /* Default@2x.png in Resources */ = {isa = PBXBuildFile; fileRef = 8745B2E3171B19920026321B /* Default@2x.png */; };
		8745B2E6171B19920026321B /* Default-568h@2x.png in Resources */ = {isa = PBXBuildFile; fileRef = 8745B2E5171B19920026321B /* Default-568h@2x.png */; };
		8745B2E9171B19920026321B /* ViewController.m in Sources */ = {isa = PBXBuildFile; fileRef = 8745B2E8171B19920026321B /* ViewController.m */; };
		8745B2EC171B19920026321B /* ViewController_iPhone.xib in Resources */ = {isa = PBXBuildFile; fileRef = 8745B2EA171B19920026321B /* ViewController_iPhone.xib */; };
		8745B2EF171B19920026321B /* ViewController_iPad.xib in Resources */ = {isa = PBXBuildFile; fileRef = 8745B2ED171B19920026321B /* ViewController_iPad.xib */; };
		8745B2F7171B19920026321B /* SenTestingKit.framework in Frameworks */ = {isa = PBXBuildFile; fileRef = 8745B2F6171B19920026321B /* SenTestingKit.framework */; };
		8745B2F8171B19920026321B /* UIKit.framework in Frameworks */ = {isa = PBXBuildFile; fileRef = 8745B2CF171B19920026321B /* UIKit.framework */; };
		8745B2F9171B19920026321B /* Foundation.framework in Frameworks */ = {isa = PBXBuildFile; fileRef = 8745B2D1171B19920026321B /* Foundation.framework */; };
		8745B301171B19920026321B /* InfoPlist.strings in Resources */ = {isa = PBXBuildFile; fileRef = 8745B2FF171B19920026321B /* InfoPlist.strings */; };
		8745B304171B19920026321B /* ZullerTests.m in Sources */ = {isa = PBXBuildFile; fileRef = 8745B303171B19920026321B /* ZullerTests.m */; };
		8745B30F171C22AE0026321B /* Attraction.m in Sources */ = {isa = PBXBuildFile; fileRef = 8745B30E171C22AE0026321B /* Attraction.m */; };
		8745B312171C231F0026321B /* Place.m in Sources */ = {isa = PBXBuildFile; fileRef = 8745B311171C231F0026321B /* Place.m */; };
		8745B315171C233D0026321B /* Event.m in Sources */ = {isa = PBXBuildFile; fileRef = 8745B314171C233D0026321B /* Event.m */; };
		8745B318171C23530026321B /* Club.m in Sources */ = {isa = PBXBuildFile; fileRef = 8745B317171C23530026321B /* Club.m */; };
		8745B31B171C23870026321B /* Party.m in Sources */ = {isa = PBXBuildFile; fileRef = 8745B31A171C23870026321B /* Party.m */; };
		8745B322171C23D50026321B /* Line.m in Sources */ = {isa = PBXBuildFile; fileRef = 8745B321171C23D50026321B /* Line.m */; };
		8745B325171C24050026321B /* Bar.m in Sources */ = {isa = PBXBuildFile; fileRef = 8745B324171C24050026321B /* Bar.m */; };
		8745B328171C27BD0026321B /* Deal.m in Sources */ = {isa = PBXBuildFile; fileRef = 8745B327171C27BD0026321B /* Deal.m */; };
		8745B32B171C27D30026321B /* Credit.m in Sources */ = {isa = PBXBuildFile; fileRef = 8745B32A171C27D30026321B /* Credit.m */; };
		87B759621723243100EFB65C /* NetworkManager.m in Sources */ = {isa = PBXBuildFile; fileRef = 87B759611723243000EFB65C /* NetworkManager.m */; };
		87C22B11171C35F70021CAB7 /* CFNetwork.framework in Frameworks */ = {isa = PBXBuildFile; fileRef = 87C22B10171C35F70021CAB7 /* CFNetwork.framework */; };
		87C22B13171C36070021CAB7 /* SystemConfiguration.framework in Frameworks */ = {isa = PBXBuildFile; fileRef = 87C22B12171C36070021CAB7 /* SystemConfiguration.framework */; };
		87C22B15171C36120021CAB7 /* MobileCoreServices.framework in Frameworks */ = {isa = PBXBuildFile; fileRef = 87C22B14171C36120021CAB7 /* MobileCoreServices.framework */; };
		87C22B17171C368F0021CAB7 /* libz.dylib in Frameworks */ = {isa = PBXBuildFile; fileRef = 87C22B16171C368F0021CAB7 /* libz.dylib */; };
		87C22B97171C37550021CAB7 /* CHANGELOG.md in Resources */ = {isa = PBXBuildFile; fileRef = 87C22B93171C37550021CAB7 /* CHANGELOG.md */; };
		87C22B98171C37550021CAB7 /* JSONKit.m in Sources */ = {isa = PBXBuildFile; fileRef = 87C22B95171C37550021CAB7 /* JSONKit.m */; settings = {COMPILER_FLAGS = "-fno-objc-arc"; }; };
		87C22B99171C37550021CAB7 /* README.md in Resources */ = {isa = PBXBuildFile; fileRef = 87C22B96171C37550021CAB7 /* README.md */; };
/* End PBXBuildFile section */

/* Begin PBXContainerItemProxy section */
		8745B2FA171B19920026321B /* PBXContainerItemProxy */ = {
			isa = PBXContainerItemProxy;
			containerPortal = 8745B2C4171B19920026321B /* Project object */;
			proxyType = 1;
			remoteGlobalIDString = 8745B2CB171B19920026321B;
			remoteInfo = Zuller;
		};
/* End PBXContainerItemProxy section */

/* Begin PBXFileReference section */
		871E2AEA1733D0080051F2B7 /* .gitattributes */ = {isa = PBXFileReference; fileEncoding = 4; lastKnownFileType = text; path = .gitattributes; sourceTree = "<group>"; };
		871E2AEB1733D0080051F2B7 /* .gitignore */ = {isa = PBXFileReference; fileEncoding = 4; lastKnownFileType = text; path = .gitignore; sourceTree = "<group>"; };
		871E2AED1733D0080051F2B7 /* fetch_ios_ghunit.rb */ = {isa = PBXFileReference; fileEncoding = 4; lastKnownFileType = text.script.ruby; path = fetch_ios_ghunit.rb; sourceTree = "<group>"; };
		871E2AEE1733D0080051F2B7 /* fetch_mac_ghunit.rb */ = {isa = PBXFileReference; fileEncoding = 4; lastKnownFileType = text.script.ruby; path = fetch_mac_ghunit.rb; sourceTree = "<group>"; };
		871E2AEF1733D0080051F2B7 /* set_version_number.rb */ = {isa = PBXFileReference; fileEncoding = 4; lastKnownFileType = text.script.ruby; path = set_version_number.rb; sourceTree = "<group>"; };
		871E2AF11733D0080051F2B7 /* ASIAuthenticationDialog.h */ = {isa = PBXFileReference; fileEncoding = 4; lastKnownFileType = sourcecode.c.h; path = ASIAuthenticationDialog.h; sourceTree = "<group>"; };
		871E2AF21733D0080051F2B7 /* ASIAuthenticationDialog.m */ = {isa = PBXFileReference; fileEncoding = 4; lastKnownFileType = sourcecode.c.objc; path = ASIAuthenticationDialog.m; sourceTree = "<group>"; };
		871E2AF31733D0080051F2B7 /* ASICacheDelegate.h */ = {isa = PBXFileReference; fileEncoding = 4; lastKnownFileType = sourcecode.c.h; path = ASICacheDelegate.h; sourceTree = "<group>"; };
		871E2AF41733D0080051F2B7 /* ASIDataCompressor.h */ = {isa = PBXFileReference; fileEncoding = 4; lastKnownFileType = sourcecode.c.h; path = ASIDataCompressor.h; sourceTree = "<group>"; };
		871E2AF51733D0080051F2B7 /* ASIDataCompressor.m */ = {isa = PBXFileReference; fileEncoding = 4; lastKnownFileType = sourcecode.c.objc; path = ASIDataCompressor.m; sourceTree = "<group>"; };
		871E2AF61733D0080051F2B7 /* ASIDataDecompressor.h */ = {isa = PBXFileReference; fileEncoding = 4; lastKnownFileType = sourcecode.c.h; path = ASIDataDecompressor.h; sourceTree = "<group>"; };
		871E2AF71733D0080051F2B7 /* ASIDataDecompressor.m */ = {isa = PBXFileReference; fileEncoding = 4; lastKnownFileType = sourcecode.c.objc; path = ASIDataDecompressor.m; sourceTree = "<group>"; };
		871E2AF81733D0080051F2B7 /* ASIDownloadCache.h */ = {isa = PBXFileReference; fileEncoding = 4; lastKnownFileType = sourcecode.c.h; path = ASIDownloadCache.h; sourceTree = "<group>"; };
		871E2AF91733D0080051F2B7 /* ASIDownloadCache.m */ = {isa = PBXFileReference; fileEncoding = 4; lastKnownFileType = sourcecode.c.objc; path = ASIDownloadCache.m; sourceTree = "<group>"; };
		871E2AFA1733D0080051F2B7 /* ASIFormDataRequest.h */ = {isa = PBXFileReference; fileEncoding = 4; lastKnownFileType = sourcecode.c.h; path = ASIFormDataRequest.h; sourceTree = "<group>"; };
		871E2AFB1733D0080051F2B7 /* ASIFormDataRequest.m */ = {isa = PBXFileReference; fileEncoding = 4; lastKnownFileType = sourcecode.c.objc; path = ASIFormDataRequest.m; sourceTree = "<group>"; };
		871E2AFC1733D0080051F2B7 /* ASIHTTPRequest.h */ = {isa = PBXFileReference; fileEncoding = 4; lastKnownFileType = sourcecode.c.h; path = ASIHTTPRequest.h; sourceTree = "<group>"; };
		871E2AFD1733D0080051F2B7 /* ASIHTTPRequest.m */ = {isa = PBXFileReference; fileEncoding = 4; lastKnownFileType = sourcecode.c.objc; path = ASIHTTPRequest.m; sourceTree = "<group>"; };
		871E2AFE1733D0080051F2B7 /* ASIHTTPRequestConfig.h */ = {isa = PBXFileReference; fileEncoding = 4; lastKnownFileType = sourcecode.c.h; path = ASIHTTPRequestConfig.h; sourceTree = "<group>"; };
		871E2AFF1733D0080051F2B7 /* ASIHTTPRequestDelegate.h */ = {isa = PBXFileReference; fileEncoding = 4; lastKnownFileType = sourcecode.c.h; path = ASIHTTPRequestDelegate.h; sourceTree = "<group>"; };
		871E2B001733D0080051F2B7 /* ASIInputStream.h */ = {isa = PBXFileReference; fileEncoding = 4; lastKnownFileType = sourcecode.c.h; path = ASIInputStream.h; sourceTree = "<group>"; };
		871E2B011733D0080051F2B7 /* ASIInputStream.m */ = {isa = PBXFileReference; fileEncoding = 4; lastKnownFileType = sourcecode.c.objc; path = ASIInputStream.m; sourceTree = "<group>"; };
		871E2B021733D0080051F2B7 /* ASINetworkQueue.h */ = {isa = PBXFileReference; fileEncoding = 4; lastKnownFileType = sourcecode.c.h; path = ASINetworkQueue.h; sourceTree = "<group>"; };
		871E2B031733D0080051F2B7 /* ASINetworkQueue.m */ = {isa = PBXFileReference; fileEncoding = 4; lastKnownFileType = sourcecode.c.objc; path = ASINetworkQueue.m; sourceTree = "<group>"; };
		871E2B041733D0080051F2B7 /* ASIProgressDelegate.h */ = {isa = PBXFileReference; fileEncoding = 4; lastKnownFileType = sourcecode.c.h; path = ASIProgressDelegate.h; sourceTree = "<group>"; };
		871E2B061733D0080051F2B7 /* ASIWebPageRequest.h */ = {isa = PBXFileReference; fileEncoding = 4; lastKnownFileType = sourcecode.c.h; path = ASIWebPageRequest.h; sourceTree = "<group>"; };
		871E2B071733D0080051F2B7 /* ASIWebPageRequest.m */ = {isa = PBXFileReference; fileEncoding = 4; lastKnownFileType = sourcecode.c.objc; path = ASIWebPageRequest.m; sourceTree = "<group>"; };
		871E2B091733D0080051F2B7 /* ASICloudFilesCDNRequest.h */ = {isa = PBXFileReference; fileEncoding = 4; lastKnownFileType = sourcecode.c.h; path = ASICloudFilesCDNRequest.h; sourceTree = "<group>"; };
		871E2B0A1733D0080051F2B7 /* ASICloudFilesCDNRequest.m */ = {isa = PBXFileReference; fileEncoding = 4; lastKnownFileType = sourcecode.c.objc; path = ASICloudFilesCDNRequest.m; sourceTree = "<group>"; };
		871E2B0B1733D0080051F2B7 /* ASICloudFilesContainer.h */ = {isa = PBXFileReference; fileEncoding = 4; lastKnownFileType = sourcecode.c.h; path = ASICloudFilesContainer.h; sourceTree = "<group>"; };
		871E2B0C1733D0080051F2B7 /* ASICloudFilesContainer.m */ = {isa = PBXFileReference; fileEncoding = 4; lastKnownFileType = sourcecode.c.objc; path = ASICloudFilesContainer.m; sourceTree = "<group>"; };
		871E2B0D1733D0080051F2B7 /* ASICloudFilesContainerRequest.h */ = {isa = PBXFileReference; fileEncoding = 4; lastKnownFileType = sourcecode.c.h; path = ASICloudFilesContainerRequest.h; sourceTree = "<group>"; };
		871E2B0E1733D0080051F2B7 /* ASICloudFilesContainerRequest.m */ = {isa = PBXFileReference; fileEncoding = 4; lastKnownFileType = sourcecode.c.objc; path = ASICloudFilesContainerRequest.m; sourceTree = "<group>"; };
		871E2B0F1733D0080051F2B7 /* ASICloudFilesContainerXMLParserDelegate.h */ = {isa = PBXFileReference; fileEncoding = 4; lastKnownFileType = sourcecode.c.h; path = ASICloudFilesContainerXMLParserDelegate.h; sourceTree = "<group>"; };
		871E2B101733D0080051F2B7 /* ASICloudFilesContainerXMLParserDelegate.m */ = {isa = PBXFileReference; fileEncoding = 4; lastKnownFileType = sourcecode.c.objc; path = ASICloudFilesContainerXMLParserDelegate.m; sourceTree = "<group>"; };
		871E2B111733D0080051F2B7 /* ASICloudFilesObject.h */ = {isa = PBXFileReference; fileEncoding = 4; lastKnownFileType = sourcecode.c.h; path = ASICloudFilesObject.h; sourceTree = "<group>"; };
		871E2B121733D0080051F2B7 /* ASICloudFilesObject.m */ = {isa = PBXFileReference; fileEncoding = 4; lastKnownFileType = sourcecode.c.objc; path = ASICloudFilesObject.m; sourceTree = "<group>"; };
		871E2B131733D0080051F2B7 /* ASICloudFilesObjectRequest.h */ = {isa = PBXFileReference; fileEncoding = 4; lastKnownFileType = sourcecode.c.h; path = ASICloudFilesObjectRequest.h; sourceTree = "<group>"; };
		871E2B141733D0080051F2B7 /* ASICloudFilesObjectRequest.m */ = {isa = PBXFileReference; fileEncoding = 4; lastKnownFileType = sourcecode.c.objc; path = ASICloudFilesObjectRequest.m; sourceTree = "<group>"; };
		871E2B151733D0080051F2B7 /* ASICloudFilesRequest.h */ = {isa = PBXFileReference; fileEncoding = 4; lastKnownFileType = sourcecode.c.h; path = ASICloudFilesRequest.h; sourceTree = "<group>"; };
		871E2B161733D0080051F2B7 /* ASICloudFilesRequest.m */ = {isa = PBXFileReference; fileEncoding = 4; lastKnownFileType = sourcecode.c.objc; path = ASICloudFilesRequest.m; sourceTree = "<group>"; };
		871E2B181733D0080051F2B7 /* ASINSXMLParserCompat.h */ = {isa = PBXFileReference; fileEncoding = 4; lastKnownFileType = sourcecode.c.h; path = ASINSXMLParserCompat.h; sourceTree = "<group>"; };
		871E2B191733D0080051F2B7 /* ASIS3Bucket.h */ = {isa = PBXFileReference; fileEncoding = 4; lastKnownFileType = sourcecode.c.h; path = ASIS3Bucket.h; sourceTree = "<group>"; };
		871E2B1A1733D0080051F2B7 /* ASIS3Bucket.m */ = {isa = PBXFileReference; fileEncoding = 4; lastKnownFileType = sourcecode.c.objc; path = ASIS3Bucket.m; sourceTree = "<group>"; };
		871E2B1B1733D0080051F2B7 /* ASIS3BucketObject.h */ = {isa = PBXFileReference; fileEncoding = 4; lastKnownFileType = sourcecode.c.h; path = ASIS3BucketObject.h; sourceTree = "<group>"; };
		871E2B1C1733D0080051F2B7 /* ASIS3BucketObject.m */ = {isa = PBXFileReference; fileEncoding = 4; lastKnownFileType = sourcecode.c.objc; path = ASIS3BucketObject.m; sourceTree = "<group>"; };
		871E2B1D1733D0080051F2B7 /* ASIS3BucketRequest.h */ = {isa = PBXFileReference; fileEncoding = 4; lastKnownFileType = sourcecode.c.h; path = ASIS3BucketRequest.h; sourceTree = "<group>"; };
		871E2B1E1733D0080051F2B7 /* ASIS3BucketRequest.m */ = {isa = PBXFileReference; fileEncoding = 4; lastKnownFileType = sourcecode.c.objc; path = ASIS3BucketRequest.m; sourceTree = "<group>"; };
		871E2B1F1733D0080051F2B7 /* ASIS3ObjectRequest.h */ = {isa = PBXFileReference; fileEncoding = 4; lastKnownFileType = sourcecode.c.h; path = ASIS3ObjectRequest.h; sourceTree = "<group>"; };
		871E2B201733D0080051F2B7 /* ASIS3ObjectRequest.m */ = {isa = PBXFileReference; fileEncoding = 4; lastKnownFileType = sourcecode.c.objc; path = ASIS3ObjectRequest.m; sourceTree = "<group>"; };
		871E2B211733D0080051F2B7 /* ASIS3Request.h */ = {isa = PBXFileReference; fileEncoding = 4; lastKnownFileType = sourcecode.c.h; path = ASIS3Request.h; sourceTree = "<group>"; };
		871E2B221733D0080051F2B7 /* ASIS3Request.m */ = {isa = PBXFileReference; fileEncoding = 4; lastKnownFileType = sourcecode.c.objc; path = ASIS3Request.m; sourceTree = "<group>"; };
		871E2B231733D0080051F2B7 /* ASIS3ServiceRequest.h */ = {isa = PBXFileReference; fileEncoding = 4; lastKnownFileType = sourcecode.c.h; path = ASIS3ServiceRequest.h; sourceTree = "<group>"; };
		871E2B241733D0080051F2B7 /* ASIS3ServiceRequest.m */ = {isa = PBXFileReference; fileEncoding = 4; lastKnownFileType = sourcecode.c.objc; path = ASIS3ServiceRequest.m; sourceTree = "<group>"; };
		871E2B431733D0080051F2B7 /* DONORS */ = {isa = PBXFileReference; fileEncoding = 4; lastKnownFileType = text; path = DONORS; sourceTree = "<group>"; };
		871E2B461733D0080051F2B7 /* README-GHUnit */ = {isa = PBXFileReference; fileEncoding = 4; lastKnownFileType = text; path = "README-GHUnit"; sourceTree = "<group>"; };
		871E2B481733D0080051F2B7 /* Reachability.h */ = {isa = PBXFileReference; fileEncoding = 4; lastKnownFileType = sourcecode.c.h; path = Reachability.h; sourceTree = "<group>"; };
		871E2B491733D0080051F2B7 /* Reachability.m */ = {isa = PBXFileReference; fileEncoding = 4; lastKnownFileType = sourcecode.c.objc; path = Reachability.m; sourceTree = "<group>"; };
		871E2B4A1733D0080051F2B7 /* LICENSE */ = {isa = PBXFileReference; fileEncoding = 4; lastKnownFileType = text; path = LICENSE; sourceTree = "<group>"; };
		871E2B4B1733D0080051F2B7 /* README.textile */ = {isa = PBXFileReference; fileEncoding = 4; lastKnownFileType = text; path = README.textile; sourceTree = "<group>"; };
		871E2B4C1733D0080051F2B7 /* strict.xcconfig */ = {isa = PBXFileReference; fileEncoding = 4; lastKnownFileType = text.xcconfig; path = strict.xcconfig; sourceTree = "<group>"; };
		8725FC25171C2DDA0010E42F /* libxml2.dylib */ = {isa = PBXFileReference; lastKnownFileType = "compiled.mach-o.dylib"; name = libxml2.dylib; path = usr/lib/libxml2.dylib; sourceTree = SDKROOT; };
		872B781C171C381A00CCDDA3 /* .gitattributes */ = {isa = PBXFileReference; fileEncoding = 4; lastKnownFileType = text; path = .gitattributes; sourceTree = "<group>"; };
		872B781D171C381A00CCDDA3 /* .gitignore */ = {isa = PBXFileReference; fileEncoding = 4; lastKnownFileType = text; path = .gitignore; sourceTree = "<group>"; };
		872B781E171C381A00CCDDA3 /* LICENSE */ = {isa = PBXFileReference; fileEncoding = 4; lastKnownFileType = text; path = LICENSE; sourceTree = "<group>"; };
		872B781F171C381A00CCDDA3 /* MBProgressHUD.h */ = {isa = PBXFileReference; fileEncoding = 4; lastKnownFileType = sourcecode.c.h; path = MBProgressHUD.h; sourceTree = "<group>"; };
		872B7820171C381A00CCDDA3 /* MBProgressHUD.m */ = {isa = PBXFileReference; fileEncoding = 4; lastKnownFileType = sourcecode.c.objc; path = MBProgressHUD.m; sourceTree = "<group>"; };
		872B7821171C381A00CCDDA3 /* MBProgressHUD.podspec */ = {isa = PBXFileReference; fileEncoding = 4; lastKnownFileType = text; path = MBProgressHUD.podspec; sourceTree = "<group>"; };
		872B7822171C381A00CCDDA3 /* MBProgressHUD.xcworkspace */ = {isa = PBXFileReference; lastKnownFileType = wrapper.workspace; path = MBProgressHUD.xcworkspace; sourceTree = "<group>"; };
		872B7823171C381A00CCDDA3 /* README.mdown */ = {isa = PBXFileReference; fileEncoding = 4; lastKnownFileType = text; path = README.mdown; sourceTree = "<group>"; };
		872B7969171C3FDF00CCDDA3 /* QuartzCore.framework */ = {isa = PBXFileReference; lastKnownFileType = wrapper.framework; name = QuartzCore.framework; path = System/Library/Frameworks/QuartzCore.framework; sourceTree = SDKROOT; };
		872B796B171C3FF700CCDDA3 /* MessageUI.framework */ = {isa = PBXFileReference; lastKnownFileType = wrapper.framework; name = MessageUI.framework; path = System/Library/Frameworks/MessageUI.framework; sourceTree = SDKROOT; };
		872B796E171C42A800CCDDA3 /* CoreData.framework */ = {isa = PBXFileReference; lastKnownFileType = wrapper.framework; name = CoreData.framework; path = System/Library/Frameworks/CoreData.framework; sourceTree = SDKROOT; };
		872B7970171C4ADA00CCDDA3 /* AttractionFactory.h */ = {isa = PBXFileReference; fileEncoding = 4; lastKnownFileType = sourcecode.c.h; path = AttractionFactory.h; sourceTree = "<group>"; };
		872B7971171C4ADA00CCDDA3 /* AttractionFactory.m */ = {isa = PBXFileReference; fileEncoding = 4; lastKnownFileType = sourcecode.c.objc; path = AttractionFactory.m; sourceTree = "<group>"; };
		872B7973171C4B3F00CCDDA3 /* IParsable.h */ = {isa = PBXFileReference; lastKnownFileType = sourcecode.c.h; name = IParsable.h; path = models/IParsable.h; sourceTree = "<group>"; };
		8745B2CC171B19920026321B /* Zuller.app */ = {isa = PBXFileReference; explicitFileType = wrapper.application; includeInIndex = 0; path = Zuller.app; sourceTree = BUILT_PRODUCTS_DIR; };
		8745B2CF171B19920026321B /* UIKit.framework */ = {isa = PBXFileReference; lastKnownFileType = wrapper.framework; name = UIKit.framework; path = System/Library/Frameworks/UIKit.framework; sourceTree = SDKROOT; };
		8745B2D1171B19920026321B /* Foundation.framework */ = {isa = PBXFileReference; lastKnownFileType = wrapper.framework; name = Foundation.framework; path = System/Library/Frameworks/Foundation.framework; sourceTree = SDKROOT; };
		8745B2D3171B19920026321B /* CoreGraphics.framework */ = {isa = PBXFileReference; lastKnownFileType = wrapper.framework; name = CoreGraphics.framework; path = System/Library/Frameworks/CoreGraphics.framework; sourceTree = SDKROOT; };
		8745B2D7171B19920026321B /* Zuller-Info.plist */ = {isa = PBXFileReference; lastKnownFileType = text.plist.xml; path = "Zuller-Info.plist"; sourceTree = "<group>"; };
		8745B2D9171B19920026321B /* en */ = {isa = PBXFileReference; lastKnownFileType = text.plist.strings; name = en; path = en.lproj/InfoPlist.strings; sourceTree = "<group>"; };
		8745B2DB171B19920026321B /* main.m */ = {isa = PBXFileReference; lastKnownFileType = sourcecode.c.objc; path = main.m; sourceTree = "<group>"; };
		8745B2DD171B19920026321B /* Zuller-Prefix.pch */ = {isa = PBXFileReference; lastKnownFileType = sourcecode.c.h; path = "Zuller-Prefix.pch"; sourceTree = "<group>"; };
		8745B2DE171B19920026321B /* AppDelegate.h */ = {isa = PBXFileReference; lastKnownFileType = sourcecode.c.h; path = AppDelegate.h; sourceTree = "<group>"; };
		8745B2DF171B19920026321B /* AppDelegate.m */ = {isa = PBXFileReference; lastKnownFileType = sourcecode.c.objc; path = AppDelegate.m; sourceTree = "<group>"; };
		8745B2E1171B19920026321B /* Default.png */ = {isa = PBXFileReference; lastKnownFileType = image.png; path = Default.png; sourceTree = "<group>"; };
		8745B2E3171B19920026321B /* Default@2x.png */ = {isa = PBXFileReference; lastKnownFileType = image.png; path = "Default@2x.png"; sourceTree = "<group>"; };
		8745B2E5171B19920026321B /* Default-568h@2x.png */ = {isa = PBXFileReference; lastKnownFileType = image.png; path = "Default-568h@2x.png"; sourceTree = "<group>"; };
		8745B2E7171B19920026321B /* ViewController.h */ = {isa = PBXFileReference; lastKnownFileType = sourcecode.c.h; path = ViewController.h; sourceTree = "<group>"; };
		8745B2E8171B19920026321B /* ViewController.m */ = {isa = PBXFileReference; lastKnownFileType = sourcecode.c.objc; path = ViewController.m; sourceTree = "<group>"; };
		8745B2EB171B19920026321B /* en */ = {isa = PBXFileReference; lastKnownFileType = file.xib; name = en; path = en.lproj/ViewController_iPhone.xib; sourceTree = "<group>"; };
		8745B2EE171B19920026321B /* en */ = {isa = PBXFileReference; lastKnownFileType = file.xib; name = en; path = en.lproj/ViewController_iPad.xib; sourceTree = "<group>"; };
		8745B2F5171B19920026321B /* ZullerTests.octest */ = {isa = PBXFileReference; explicitFileType = wrapper.cfbundle; includeInIndex = 0; path = ZullerTests.octest; sourceTree = BUILT_PRODUCTS_DIR; };
		8745B2F6171B19920026321B /* SenTestingKit.framework */ = {isa = PBXFileReference; lastKnownFileType = wrapper.framework; name = SenTestingKit.framework; path = Library/Frameworks/SenTestingKit.framework; sourceTree = DEVELOPER_DIR; };
		8745B2FE171B19920026321B /* ZullerTests-Info.plist */ = {isa = PBXFileReference; lastKnownFileType = text.plist.xml; path = "ZullerTests-Info.plist"; sourceTree = "<group>"; };
		8745B300171B19920026321B /* en */ = {isa = PBXFileReference; lastKnownFileType = text.plist.strings; name = en; path = en.lproj/InfoPlist.strings; sourceTree = "<group>"; };
		8745B302171B19920026321B /* ZullerTests.h */ = {isa = PBXFileReference; lastKnownFileType = sourcecode.c.h; path = ZullerTests.h; sourceTree = "<group>"; };
		8745B303171B19920026321B /* ZullerTests.m */ = {isa = PBXFileReference; lastKnownFileType = sourcecode.c.objc; path = ZullerTests.m; sourceTree = "<group>"; };
		8745B30D171C22AE0026321B /* Attraction.h */ = {isa = PBXFileReference; fileEncoding = 4; lastKnownFileType = sourcecode.c.h; name = Attraction.h; path = models/Attraction.h; sourceTree = "<group>"; };
		8745B30E171C22AE0026321B /* Attraction.m */ = {isa = PBXFileReference; fileEncoding = 4; lastKnownFileType = sourcecode.c.objc; name = Attraction.m; path = models/Attraction.m; sourceTree = "<group>"; };
		8745B310171C231F0026321B /* Place.h */ = {isa = PBXFileReference; fileEncoding = 4; lastKnownFileType = sourcecode.c.h; name = Place.h; path = models/Place.h; sourceTree = "<group>"; };
		8745B311171C231F0026321B /* Place.m */ = {isa = PBXFileReference; fileEncoding = 4; lastKnownFileType = sourcecode.c.objc; name = Place.m; path = models/Place.m; sourceTree = "<group>"; };
		8745B313171C233D0026321B /* Event.h */ = {isa = PBXFileReference; fileEncoding = 4; lastKnownFileType = sourcecode.c.h; name = Event.h; path = models/Event.h; sourceTree = "<group>"; };
		8745B314171C233D0026321B /* Event.m */ = {isa = PBXFileReference; fileEncoding = 4; lastKnownFileType = sourcecode.c.objc; name = Event.m; path = models/Event.m; sourceTree = "<group>"; };
		8745B316171C23530026321B /* Club.h */ = {isa = PBXFileReference; fileEncoding = 4; lastKnownFileType = sourcecode.c.h; name = Club.h; path = models/Club.h; sourceTree = "<group>"; };
		8745B317171C23530026321B /* Club.m */ = {isa = PBXFileReference; fileEncoding = 4; lastKnownFileType = sourcecode.c.objc; name = Club.m; path = models/Club.m; sourceTree = "<group>"; };
		8745B319171C23870026321B /* Party.h */ = {isa = PBXFileReference; fileEncoding = 4; lastKnownFileType = sourcecode.c.h; name = Party.h; path = models/Party.h; sourceTree = "<group>"; };
		8745B31A171C23870026321B /* Party.m */ = {isa = PBXFileReference; fileEncoding = 4; lastKnownFileType = sourcecode.c.objc; name = Party.m; path = models/Party.m; sourceTree = "<group>"; };
		8745B320171C23D50026321B /* Line.h */ = {isa = PBXFileReference; fileEncoding = 4; lastKnownFileType = sourcecode.c.h; name = Line.h; path = models/Line.h; sourceTree = "<group>"; };
		8745B321171C23D50026321B /* Line.m */ = {isa = PBXFileReference; fileEncoding = 4; lastKnownFileType = sourcecode.c.objc; name = Line.m; path = models/Line.m; sourceTree = "<group>"; };
		8745B323171C24050026321B /* Bar.h */ = {isa = PBXFileReference; fileEncoding = 4; lastKnownFileType = sourcecode.c.h; name = Bar.h; path = models/Bar.h; sourceTree = "<group>"; };
		8745B324171C24050026321B /* Bar.m */ = {isa = PBXFileReference; fileEncoding = 4; lastKnownFileType = sourcecode.c.objc; name = Bar.m; path = models/Bar.m; sourceTree = "<group>"; };
		8745B326171C27BD0026321B /* Deal.h */ = {isa = PBXFileReference; fileEncoding = 4; lastKnownFileType = sourcecode.c.h; name = Deal.h; path = models/Deal.h; sourceTree = "<group>"; };
		8745B327171C27BD0026321B /* Deal.m */ = {isa = PBXFileReference; fileEncoding = 4; lastKnownFileType = sourcecode.c.objc; name = Deal.m; path = models/Deal.m; sourceTree = "<group>"; };
		8745B329171C27D20026321B /* Credit.h */ = {isa = PBXFileReference; fileEncoding = 4; lastKnownFileType = sourcecode.c.h; name = Credit.h; path = models/Credit.h; sourceTree = "<group>"; };
		8745B32A171C27D30026321B /* Credit.m */ = {isa = PBXFileReference; fileEncoding = 4; lastKnownFileType = sourcecode.c.objc; name = Credit.m; path = models/Credit.m; sourceTree = "<group>"; };
		87B759601723243000EFB65C /* NetworkManager.h */ = {isa = PBXFileReference; fileEncoding = 4; lastKnownFileType = sourcecode.c.h; path = NetworkManager.h; sourceTree = "<group>"; };
		87B759611723243000EFB65C /* NetworkManager.m */ = {isa = PBXFileReference; fileEncoding = 4; lastKnownFileType = sourcecode.c.objc; path = NetworkManager.m; sourceTree = "<group>"; };
		87C22B10171C35F70021CAB7 /* CFNetwork.framework */ = {isa = PBXFileReference; lastKnownFileType = wrapper.framework; name = CFNetwork.framework; path = System/Library/Frameworks/CFNetwork.framework; sourceTree = SDKROOT; };
		87C22B12171C36070021CAB7 /* SystemConfiguration.framework */ = {isa = PBXFileReference; lastKnownFileType = wrapper.framework; name = SystemConfiguration.framework; path = System/Library/Frameworks/SystemConfiguration.framework; sourceTree = SDKROOT; };
		87C22B14171C36120021CAB7 /* MobileCoreServices.framework */ = {isa = PBXFileReference; lastKnownFileType = wrapper.framework; name = MobileCoreServices.framework; path = System/Library/Frameworks/MobileCoreServices.framework; sourceTree = SDKROOT; };
		87C22B16171C368F0021CAB7 /* libz.dylib */ = {isa = PBXFileReference; lastKnownFileType = "compiled.mach-o.dylib"; name = libz.dylib; path = usr/lib/libz.dylib; sourceTree = SDKROOT; };
		87C22B93171C37550021CAB7 /* CHANGELOG.md */ = {isa = PBXFileReference; fileEncoding = 4; lastKnownFileType = text; path = CHANGELOG.md; sourceTree = "<group>"; };
		87C22B94171C37550021CAB7 /* JSONKit.h */ = {isa = PBXFileReference; fileEncoding = 4; lastKnownFileType = sourcecode.c.h; path = JSONKit.h; sourceTree = "<group>"; };
		87C22B95171C37550021CAB7 /* JSONKit.m */ = {isa = PBXFileReference; fileEncoding = 4; lastKnownFileType = sourcecode.c.objc; path = JSONKit.m; sourceTree = "<group>"; };
		87C22B96171C37550021CAB7 /* README.md */ = {isa = PBXFileReference; fileEncoding = 4; lastKnownFileType = text; path = README.md; sourceTree = "<group>"; };
/* End PBXFileReference section */

/* Begin PBXFrameworksBuildPhase section */
		8745B2C9171B19920026321B /* Frameworks */ = {
			isa = PBXFrameworksBuildPhase;
			buildActionMask = 2147483647;
			files = (
				872B796F171C42A800CCDDA3 /* CoreData.framework in Frameworks */,
				872B796C171C3FF700CCDDA3 /* MessageUI.framework in Frameworks */,
				8745B2D4171B19920026321B /* CoreGraphics.framework in Frameworks */,
				872B796A171C3FDF00CCDDA3 /* QuartzCore.framework in Frameworks */,
				87C22B17171C368F0021CAB7 /* libz.dylib in Frameworks */,
				87C22B15171C36120021CAB7 /* MobileCoreServices.framework in Frameworks */,
				87C22B13171C36070021CAB7 /* SystemConfiguration.framework in Frameworks */,
				87C22B11171C35F70021CAB7 /* CFNetwork.framework in Frameworks */,
				8725FC26171C2DDA0010E42F /* libxml2.dylib in Frameworks */,
				8745B2D0171B19920026321B /* UIKit.framework in Frameworks */,
				8745B2D2171B19920026321B /* Foundation.framework in Frameworks */,
			);
			runOnlyForDeploymentPostprocessing = 0;
		};
		8745B2F1171B19920026321B /* Frameworks */ = {
			isa = PBXFrameworksBuildPhase;
			buildActionMask = 2147483647;
			files = (
				8745B2F7171B19920026321B /* SenTestingKit.framework in Frameworks */,
				8745B2F8171B19920026321B /* UIKit.framework in Frameworks */,
				8745B2F9171B19920026321B /* Foundation.framework in Frameworks */,
			);
			runOnlyForDeploymentPostprocessing = 0;
		};
/* End PBXFrameworksBuildPhase section */

/* Begin PBXGroup section */
		871E2AE91733D0080051F2B7 /* asi-http-request-master */ = {
			isa = PBXGroup;
			children = (
				871E2AEA1733D0080051F2B7 /* .gitattributes */,
				871E2AEB1733D0080051F2B7 /* .gitignore */,
				871E2AEC1733D0080051F2B7 /* Build Scripts */,
				871E2AF01733D0080051F2B7 /* Classes */,
				871E2B431733D0080051F2B7 /* DONORS */,
				871E2B441733D0080051F2B7 /* External */,
				871E2B4A1733D0080051F2B7 /* LICENSE */,
				871E2B4B1733D0080051F2B7 /* README.textile */,
				871E2B4C1733D0080051F2B7 /* strict.xcconfig */,
			);
			path = "asi-http-request-master";
			sourceTree = "<group>";
		};
		871E2AEC1733D0080051F2B7 /* Build Scripts */ = {
			isa = PBXGroup;
			children = (
				871E2AED1733D0080051F2B7 /* fetch_ios_ghunit.rb */,
				871E2AEE1733D0080051F2B7 /* fetch_mac_ghunit.rb */,
				871E2AEF1733D0080051F2B7 /* set_version_number.rb */,
			);
			path = "Build Scripts";
			sourceTree = "<group>";
		};
		871E2AF01733D0080051F2B7 /* Classes */ = {
			isa = PBXGroup;
			children = (
				871E2AF11733D0080051F2B7 /* ASIAuthenticationDialog.h */,
				871E2AF21733D0080051F2B7 /* ASIAuthenticationDialog.m */,
				871E2AF31733D0080051F2B7 /* ASICacheDelegate.h */,
				871E2AF41733D0080051F2B7 /* ASIDataCompressor.h */,
				871E2AF51733D0080051F2B7 /* ASIDataCompressor.m */,
				871E2AF61733D0080051F2B7 /* ASIDataDecompressor.h */,
				871E2AF71733D0080051F2B7 /* ASIDataDecompressor.m */,
				871E2AF81733D0080051F2B7 /* ASIDownloadCache.h */,
				871E2AF91733D0080051F2B7 /* ASIDownloadCache.m */,
				871E2AFA1733D0080051F2B7 /* ASIFormDataRequest.h */,
				871E2AFB1733D0080051F2B7 /* ASIFormDataRequest.m */,
				871E2AFC1733D0080051F2B7 /* ASIHTTPRequest.h */,
				871E2AFD1733D0080051F2B7 /* ASIHTTPRequest.m */,
				871E2AFE1733D0080051F2B7 /* ASIHTTPRequestConfig.h */,
				871E2AFF1733D0080051F2B7 /* ASIHTTPRequestDelegate.h */,
				871E2B001733D0080051F2B7 /* ASIInputStream.h */,
				871E2B011733D0080051F2B7 /* ASIInputStream.m */,
				871E2B021733D0080051F2B7 /* ASINetworkQueue.h */,
				871E2B031733D0080051F2B7 /* ASINetworkQueue.m */,
				871E2B041733D0080051F2B7 /* ASIProgressDelegate.h */,
				871E2B051733D0080051F2B7 /* ASIWebPageRequest */,
				871E2B081733D0080051F2B7 /* CloudFiles */,
				871E2B171733D0080051F2B7 /* S3 */,
			);
			path = Classes;
			sourceTree = "<group>";
		};
		871E2B051733D0080051F2B7 /* ASIWebPageRequest */ = {
			isa = PBXGroup;
			children = (
				871E2B061733D0080051F2B7 /* ASIWebPageRequest.h */,
				871E2B071733D0080051F2B7 /* ASIWebPageRequest.m */,
			);
			path = ASIWebPageRequest;
			sourceTree = "<group>";
		};
		871E2B081733D0080051F2B7 /* CloudFiles */ = {
			isa = PBXGroup;
			children = (
				871E2B091733D0080051F2B7 /* ASICloudFilesCDNRequest.h */,
				871E2B0A1733D0080051F2B7 /* ASICloudFilesCDNRequest.m */,
				871E2B0B1733D0080051F2B7 /* ASICloudFilesContainer.h */,
				871E2B0C1733D0080051F2B7 /* ASICloudFilesContainer.m */,
				871E2B0D1733D0080051F2B7 /* ASICloudFilesContainerRequest.h */,
				871E2B0E1733D0080051F2B7 /* ASICloudFilesContainerRequest.m */,
				871E2B0F1733D0080051F2B7 /* ASICloudFilesContainerXMLParserDelegate.h */,
				871E2B101733D0080051F2B7 /* ASICloudFilesContainerXMLParserDelegate.m */,
				871E2B111733D0080051F2B7 /* ASICloudFilesObject.h */,
				871E2B121733D0080051F2B7 /* ASICloudFilesObject.m */,
				871E2B131733D0080051F2B7 /* ASICloudFilesObjectRequest.h */,
				871E2B141733D0080051F2B7 /* ASICloudFilesObjectRequest.m */,
				871E2B151733D0080051F2B7 /* ASICloudFilesRequest.h */,
				871E2B161733D0080051F2B7 /* ASICloudFilesRequest.m */,
			);
			path = CloudFiles;
			sourceTree = "<group>";
		};
		871E2B171733D0080051F2B7 /* S3 */ = {
			isa = PBXGroup;
			children = (
				871E2B181733D0080051F2B7 /* ASINSXMLParserCompat.h */,
				871E2B191733D0080051F2B7 /* ASIS3Bucket.h */,
				871E2B1A1733D0080051F2B7 /* ASIS3Bucket.m */,
				871E2B1B1733D0080051F2B7 /* ASIS3BucketObject.h */,
				871E2B1C1733D0080051F2B7 /* ASIS3BucketObject.m */,
				871E2B1D1733D0080051F2B7 /* ASIS3BucketRequest.h */,
				871E2B1E1733D0080051F2B7 /* ASIS3BucketRequest.m */,
				871E2B1F1733D0080051F2B7 /* ASIS3ObjectRequest.h */,
				871E2B201733D0080051F2B7 /* ASIS3ObjectRequest.m */,
				871E2B211733D0080051F2B7 /* ASIS3Request.h */,
				871E2B221733D0080051F2B7 /* ASIS3Request.m */,
				871E2B231733D0080051F2B7 /* ASIS3ServiceRequest.h */,
				871E2B241733D0080051F2B7 /* ASIS3ServiceRequest.m */,
			);
			path = S3;
			sourceTree = "<group>";
		};
		871E2B441733D0080051F2B7 /* External */ = {
			isa = PBXGroup;
			children = (
				871E2B451733D0080051F2B7 /* GHUnit */,
				871E2B471733D0080051F2B7 /* Reachability */,
			);
			path = External;
			sourceTree = "<group>";
		};
		871E2B451733D0080051F2B7 /* GHUnit */ = {
			isa = PBXGroup;
			children = (
				871E2B461733D0080051F2B7 /* README-GHUnit */,
			);
			path = GHUnit;
			sourceTree = "<group>";
		};
		871E2B471733D0080051F2B7 /* Reachability */ = {
			isa = PBXGroup;
			children = (
				871E2B481733D0080051F2B7 /* Reachability.h */,
				871E2B491733D0080051F2B7 /* Reachability.m */,
			);
			path = Reachability;
			sourceTree = "<group>";
		};
		872B781B171C381A00CCDDA3 /* MBProgressHUD-master */ = {
			isa = PBXGroup;
			children = (
				872B781C171C381A00CCDDA3 /* .gitattributes */,
				872B781D171C381A00CCDDA3 /* .gitignore */,
				872B781E171C381A00CCDDA3 /* LICENSE */,
				872B781F171C381A00CCDDA3 /* MBProgressHUD.h */,
				872B7820171C381A00CCDDA3 /* MBProgressHUD.m */,
				872B7821171C381A00CCDDA3 /* MBProgressHUD.podspec */,
				872B7822171C381A00CCDDA3 /* MBProgressHUD.xcworkspace */,
				872B7823171C381A00CCDDA3 /* README.mdown */,
			);
			path = "MBProgressHUD-master";
			sourceTree = "<group>";
		};
		8745B2C3171B19920026321B = {
			isa = PBXGroup;
			children = (
				872B796E171C42A800CCDDA3 /* CoreData.framework */,
				872B796B171C3FF700CCDDA3 /* MessageUI.framework */,
				872B7969171C3FDF00CCDDA3 /* QuartzCore.framework */,
				87C22B16171C368F0021CAB7 /* libz.dylib */,
				87C22B14171C36120021CAB7 /* MobileCoreServices.framework */,
				87C22B12171C36070021CAB7 /* SystemConfiguration.framework */,
				87C22B10171C35F70021CAB7 /* CFNetwork.framework */,
				8725FC25171C2DDA0010E42F /* libxml2.dylib */,
				8745B2D5171B19920026321B /* Zuller */,
				8745B2FC171B19920026321B /* ZullerTests */,
				8745B2CE171B19920026321B /* Frameworks */,
				8745B2CD171B19920026321B /* Products */,
			);
			sourceTree = "<group>";
		};
		8745B2CD171B19920026321B /* Products */ = {
			isa = PBXGroup;
			children = (
				8745B2CC171B19920026321B /* Zuller.app */,
				8745B2F5171B19920026321B /* ZullerTests.octest */,
			);
			name = Products;
			sourceTree = "<group>";
		};
		8745B2CE171B19920026321B /* Frameworks */ = {
			isa = PBXGroup;
			children = (
				8745B2CF171B19920026321B /* UIKit.framework */,
				8745B2D1171B19920026321B /* Foundation.framework */,
				8745B2D3171B19920026321B /* CoreGraphics.framework */,
				8745B2F6171B19920026321B /* SenTestingKit.framework */,
			);
			name = Frameworks;
			sourceTree = "<group>";
		};
		8745B2D5171B19920026321B /* Zuller */ = {
			isa = PBXGroup;
			children = (
				872B7970171C4ADA00CCDDA3 /* AttractionFactory.h */,
				872B7971171C4ADA00CCDDA3 /* AttractionFactory.m */,
				8745B2DE171B19920026321B /* AppDelegate.h */,
				8745B2DF171B19920026321B /* AppDelegate.m */,
				8745B2E7171B19920026321B /* ViewController.h */,
				8745B2E8171B19920026321B /* ViewController.m */,
				87B759601723243000EFB65C /* NetworkManager.h */,
				87B759611723243000EFB65C /* NetworkManager.m */,
				8745B2EA171B19920026321B /* ViewController_iPhone.xib */,
				8745B2ED171B19920026321B /* ViewController_iPad.xib */,
				8745B32F171C29350026321B /* Vendor */,
				8745B2D6171B19920026321B /* Supporting Files */,
				8745B31C171C23950026321B /* Models */,
			);
			path = Zuller;
			sourceTree = "<group>";
		};
		8745B2D6171B19920026321B /* Supporting Files */ = {
			isa = PBXGroup;
			children = (
				8745B2D7171B19920026321B /* Zuller-Info.plist */,
				8745B2D8171B19920026321B /* InfoPlist.strings */,
				8745B2DB171B19920026321B /* main.m */,
				8745B2DD171B19920026321B /* Zuller-Prefix.pch */,
				8745B2E1171B19920026321B /* Default.png */,
				8745B2E3171B19920026321B /* Default@2x.png */,
				8745B2E5171B19920026321B /* Default-568h@2x.png */,
			);
			name = "Supporting Files";
			sourceTree = "<group>";
		};
		8745B2FC171B19920026321B /* ZullerTests */ = {
			isa = PBXGroup;
			children = (
				8745B302171B19920026321B /* ZullerTests.h */,
				8745B303171B19920026321B /* ZullerTests.m */,
				8745B2FD171B19920026321B /* Supporting Files */,
			);
			path = ZullerTests;
			sourceTree = "<group>";
		};
		8745B2FD171B19920026321B /* Supporting Files */ = {
			isa = PBXGroup;
			children = (
				8745B2FE171B19920026321B /* ZullerTests-Info.plist */,
				8745B2FF171B19920026321B /* InfoPlist.strings */,
			);
			name = "Supporting Files";
			sourceTree = "<group>";
		};
		8745B31C171C23950026321B /* Models */ = {
			isa = PBXGroup;
			children = (
				872B7973171C4B3F00CCDDA3 /* IParsable.h */,
				8745B30D171C22AE0026321B /* Attraction.h */,
				8745B30E171C22AE0026321B /* Attraction.m */,
				8745B310171C231F0026321B /* Place.h */,
				8745B311171C231F0026321B /* Place.m */,
				8745B323171C24050026321B /* Bar.h */,
				8745B324171C24050026321B /* Bar.m */,
				8745B316171C23530026321B /* Club.h */,
				8745B317171C23530026321B /* Club.m */,
				8745B329171C27D20026321B /* Credit.h */,
				8745B32A171C27D30026321B /* Credit.m */,
				8745B326171C27BD0026321B /* Deal.h */,
				8745B327171C27BD0026321B /* Deal.m */,
				8745B313171C233D0026321B /* Event.h */,
				8745B314171C233D0026321B /* Event.m */,
				8745B320171C23D50026321B /* Line.h */,
				8745B321171C23D50026321B /* Line.m */,
				8745B319171C23870026321B /* Party.h */,
				8745B31A171C23870026321B /* Party.m */,
			);
			name = Models;
			sourceTree = "<group>";
		};
		8745B32F171C29350026321B /* Vendor */ = {
			isa = PBXGroup;
			children = (
				871E2AE91733D0080051F2B7 /* asi-http-request-master */,
				872B781B171C381A00CCDDA3 /* MBProgressHUD-master */,
				87C22B92171C37550021CAB7 /* JSONKit-master */,
			);
			name = Vendor;
			sourceTree = "<group>";
		};
		87C22B92171C37550021CAB7 /* JSONKit-master */ = {
			isa = PBXGroup;
			children = (
				87C22B93171C37550021CAB7 /* CHANGELOG.md */,
				87C22B94171C37550021CAB7 /* JSONKit.h */,
				87C22B95171C37550021CAB7 /* JSONKit.m */,
				87C22B96171C37550021CAB7 /* README.md */,
			);
			path = "JSONKit-master";
			sourceTree = "<group>";
		};
/* End PBXGroup section */

/* Begin PBXNativeTarget section */
		8745B2CB171B19920026321B /* Zuller */ = {
			isa = PBXNativeTarget;
			buildConfigurationList = 8745B307171B19920026321B /* Build configuration list for PBXNativeTarget "Zuller" */;
			buildPhases = (
				8745B2C8171B19920026321B /* Sources */,
				8745B2C9171B19920026321B /* Frameworks */,
				8745B2CA171B19920026321B /* Resources */,
			);
			buildRules = (
			);
			dependencies = (
			);
			name = Zuller;
			productName = Zuller;
			productReference = 8745B2CC171B19920026321B /* Zuller.app */;
			productType = "com.apple.product-type.application";
		};
		8745B2F4171B19920026321B /* ZullerTests */ = {
			isa = PBXNativeTarget;
			buildConfigurationList = 8745B30A171B19920026321B /* Build configuration list for PBXNativeTarget "ZullerTests" */;
			buildPhases = (
				8745B2F0171B19920026321B /* Sources */,
				8745B2F1171B19920026321B /* Frameworks */,
				8745B2F2171B19920026321B /* Resources */,
				8745B2F3171B19920026321B /* ShellScript */,
			);
			buildRules = (
			);
			dependencies = (
				8745B2FB171B19920026321B /* PBXTargetDependency */,
			);
			name = ZullerTests;
			productName = ZullerTests;
			productReference = 8745B2F5171B19920026321B /* ZullerTests.octest */;
			productType = "com.apple.product-type.bundle";
		};
/* End PBXNativeTarget section */

/* Begin PBXProject section */
		8745B2C4171B19920026321B /* Project object */ = {
			isa = PBXProject;
			attributes = {
				LastUpgradeCheck = 0460;
				ORGANIZATIONNAME = "Idan Wender";
			};
			buildConfigurationList = 8745B2C7171B19920026321B /* Build configuration list for PBXProject "Zuller" */;
			compatibilityVersion = "Xcode 3.2";
			developmentRegion = English;
			hasScannedForEncodings = 0;
			knownRegions = (
				en,
				English,
				de,
				es,
				fr,
				id,
				it,
				ja,
				ko,
				ms,
				nl,
				pt,
				pt_PT,
				ru,
				sv,
				zh_Hans,
				zh_Hant,
			);
			mainGroup = 8745B2C3171B19920026321B;
			productRefGroup = 8745B2CD171B19920026321B /* Products */;
			projectDirPath = "";
			projectRoot = "";
			targets = (
				8745B2CB171B19920026321B /* Zuller */,
				8745B2F4171B19920026321B /* ZullerTests */,
			);
		};
/* End PBXProject section */

/* Begin PBXResourcesBuildPhase section */
		8745B2CA171B19920026321B /* Resources */ = {
			isa = PBXResourcesBuildPhase;
			buildActionMask = 2147483647;
			files = (
				8745B2DA171B19920026321B /* InfoPlist.strings in Resources */,
				8745B2E2171B19920026321B /* Default.png in Resources */,
				8745B2E4171B19920026321B /* Default@2x.png in Resources */,
				8745B2E6171B19920026321B /* Default-568h@2x.png in Resources */,
				8745B2EC171B19920026321B /* ViewController_iPhone.xib in Resources */,
				8745B2EF171B19920026321B /* ViewController_iPad.xib in Resources */,
				87C22B97171C37550021CAB7 /* CHANGELOG.md in Resources */,
				87C22B99171C37550021CAB7 /* README.md in Resources */,
				872B7824171C381A00CCDDA3 /* .gitattributes in Resources */,
				872B7825171C381A00CCDDA3 /* .gitignore in Resources */,
				872B7826171C381A00CCDDA3 /* LICENSE in Resources */,
				872B7828171C381A00CCDDA3 /* MBProgressHUD.podspec in Resources */,
				872B7829171C381A00CCDDA3 /* MBProgressHUD.xcworkspace in Resources */,
				872B782A171C381A00CCDDA3 /* README.mdown in Resources */,
				871E2B4D1733D0080051F2B7 /* .gitattributes in Resources */,
				871E2B4E1733D0080051F2B7 /* .gitignore in Resources */,
				871E2B4F1733D0080051F2B7 /* fetch_ios_ghunit.rb in Resources */,
				871E2B501733D0080051F2B7 /* fetch_mac_ghunit.rb in Resources */,
				871E2B511733D0080051F2B7 /* set_version_number.rb in Resources */,
				871E2B771733D0080051F2B7 /* DONORS in Resources */,
				871E2B781733D0080051F2B7 /* README-GHUnit in Resources */,
				871E2B7A1733D0080051F2B7 /* LICENSE in Resources */,
				871E2B7B1733D0080051F2B7 /* README.textile in Resources */,
				871E2B7C1733D0080051F2B7 /* strict.xcconfig in Resources */,
			);
			runOnlyForDeploymentPostprocessing = 0;
		};
		8745B2F2171B19920026321B /* Resources */ = {
			isa = PBXResourcesBuildPhase;
			buildActionMask = 2147483647;
			files = (
				8745B301171B19920026321B /* InfoPlist.strings in Resources */,
			);
			runOnlyForDeploymentPostprocessing = 0;
		};
/* End PBXResourcesBuildPhase section */

/* Begin PBXShellScriptBuildPhase section */
		8745B2F3171B19920026321B /* ShellScript */ = {
			isa = PBXShellScriptBuildPhase;
			buildActionMask = 2147483647;
			files = (
			);
			inputPaths = (
			);
			outputPaths = (
			);
			runOnlyForDeploymentPostprocessing = 0;
			shellPath = /bin/sh;
			shellScript = "# Run the unit tests in this test bundle.\n\"${SYSTEM_DEVELOPER_DIR}/Tools/RunUnitTests\"\n";
		};
/* End PBXShellScriptBuildPhase section */

/* Begin PBXSourcesBuildPhase section */
		8745B2C8171B19920026321B /* Sources */ = {
			isa = PBXSourcesBuildPhase;
			buildActionMask = 2147483647;
			files = (
				8745B2DC171B19920026321B /* main.m in Sources */,
				8745B2E0171B19920026321B /* AppDelegate.m in Sources */,
				8745B2E9171B19920026321B /* ViewController.m in Sources */,
				8745B30F171C22AE0026321B /* Attraction.m in Sources */,
				8745B312171C231F0026321B /* Place.m in Sources */,
				8745B315171C233D0026321B /* Event.m in Sources */,
				8745B318171C23530026321B /* Club.m in Sources */,
				8745B31B171C23870026321B /* Party.m in Sources */,
				8745B322171C23D50026321B /* Line.m in Sources */,
				8745B325171C24050026321B /* Bar.m in Sources */,
				8745B328171C27BD0026321B /* Deal.m in Sources */,
				8745B32B171C27D30026321B /* Credit.m in Sources */,
				87C22B98171C37550021CAB7 /* JSONKit.m in Sources */,
				872B7827171C381A00CCDDA3 /* MBProgressHUD.m in Sources */,
				872B7972171C4ADA00CCDDA3 /* AttractionFactory.m in Sources */,
				87B759621723243100EFB65C /* NetworkManager.m in Sources */,
				871E2B521733D0080051F2B7 /* ASIAuthenticationDialog.m in Sources */,
				871E2B531733D0080051F2B7 /* ASIDataCompressor.m in Sources */,
				871E2B541733D0080051F2B7 /* ASIDataDecompressor.m in Sources */,
				871E2B551733D0080051F2B7 /* ASIDownloadCache.m in Sources */,
				871E2B561733D0080051F2B7 /* ASIFormDataRequest.m in Sources */,
				871E2B571733D0080051F2B7 /* ASIHTTPRequest.m in Sources */,
				871E2B581733D0080051F2B7 /* ASIInputStream.m in Sources */,
				871E2B591733D0080051F2B7 /* ASINetworkQueue.m in Sources */,
				871E2B5A1733D0080051F2B7 /* ASIWebPageRequest.m in Sources */,
				871E2B5B1733D0080051F2B7 /* ASICloudFilesCDNRequest.m in Sources */,
				871E2B5C1733D0080051F2B7 /* ASICloudFilesContainer.m in Sources */,
				871E2B5D1733D0080051F2B7 /* ASICloudFilesContainerRequest.m in Sources */,
				871E2B5E1733D0080051F2B7 /* ASICloudFilesContainerXMLParserDelegate.m in Sources */,
				871E2B5F1733D0080051F2B7 /* ASICloudFilesObject.m in Sources */,
				871E2B601733D0080051F2B7 /* ASICloudFilesObjectRequest.m in Sources */,
				871E2B611733D0080051F2B7 /* ASICloudFilesRequest.m in Sources */,
				871E2B621733D0080051F2B7 /* ASIS3Bucket.m in Sources */,
				871E2B631733D0080051F2B7 /* ASIS3BucketObject.m in Sources */,
				871E2B641733D0080051F2B7 /* ASIS3BucketRequest.m in Sources */,
				871E2B651733D0080051F2B7 /* ASIS3ObjectRequest.m in Sources */,
				871E2B661733D0080051F2B7 /* ASIS3Request.m in Sources */,
				871E2B671733D0080051F2B7 /* ASIS3ServiceRequest.m in Sources */,
				871E2B791733D0080051F2B7 /* Reachability.m in Sources */,
			);
			runOnlyForDeploymentPostprocessing = 0;
		};
		8745B2F0171B19920026321B /* Sources */ = {
			isa = PBXSourcesBuildPhase;
			buildActionMask = 2147483647;
			files = (
				8745B304171B19920026321B /* ZullerTests.m in Sources */,
			);
			runOnlyForDeploymentPostprocessing = 0;
		};
/* End PBXSourcesBuildPhase section */

/* Begin PBXTargetDependency section */
		8745B2FB171B19920026321B /* PBXTargetDependency */ = {
			isa = PBXTargetDependency;
			target = 8745B2CB171B19920026321B /* Zuller */;
			targetProxy = 8745B2FA171B19920026321B /* PBXContainerItemProxy */;
		};
/* End PBXTargetDependency section */

/* Begin PBXVariantGroup section */
		8745B2D8171B19920026321B /* InfoPlist.strings */ = {
			isa = PBXVariantGroup;
			children = (
				8745B2D9171B19920026321B /* en */,
			);
			name = InfoPlist.strings;
			sourceTree = "<group>";
		};
		8745B2EA171B19920026321B /* ViewController_iPhone.xib */ = {
			isa = PBXVariantGroup;
			children = (
				8745B2EB171B19920026321B /* en */,
			);
			name = ViewController_iPhone.xib;
			sourceTree = "<group>";
		};
		8745B2ED171B19920026321B /* ViewController_iPad.xib */ = {
			isa = PBXVariantGroup;
			children = (
				8745B2EE171B19920026321B /* en */,
			);
			name = ViewController_iPad.xib;
			sourceTree = "<group>";
		};
		8745B2FF171B19920026321B /* InfoPlist.strings */ = {
			isa = PBXVariantGroup;
			children = (
				8745B300171B19920026321B /* en */,
			);
			name = InfoPlist.strings;
			sourceTree = "<group>";
		};
/* End PBXVariantGroup section */

/* Begin XCBuildConfiguration section */
		8745B305171B19920026321B /* Debug */ = {
			isa = XCBuildConfiguration;
			buildSettings = {
				ALWAYS_SEARCH_USER_PATHS = NO;
				CLANG_CXX_LANGUAGE_STANDARD = "gnu++0x";
				CLANG_CXX_LIBRARY = "libc++";
				CLANG_ENABLE_OBJC_ARC = YES;
				CLANG_WARN_CONSTANT_CONVERSION = YES;
				CLANG_WARN_EMPTY_BODY = YES;
				CLANG_WARN_ENUM_CONVERSION = YES;
				CLANG_WARN_INT_CONVERSION = YES;
				CLANG_WARN__DUPLICATE_METHOD_MATCH = YES;
				"CODE_SIGN_IDENTITY[sdk=iphoneos*]" = "iPhone Developer";
				COPY_PHASE_STRIP = NO;
				GCC_C_LANGUAGE_STANDARD = gnu99;
				GCC_DYNAMIC_NO_PIC = NO;
				GCC_OPTIMIZATION_LEVEL = 0;
				GCC_PREPROCESSOR_DEFINITIONS = (
					"DEBUG=1",
					"$(inherited)",
				);
				GCC_SYMBOLS_PRIVATE_EXTERN = NO;
				GCC_WARN_ABOUT_RETURN_TYPE = YES;
				GCC_WARN_UNINITIALIZED_AUTOS = YES;
				GCC_WARN_UNUSED_VARIABLE = YES;
				IPHONEOS_DEPLOYMENT_TARGET = 6.1;
				ONLY_ACTIVE_ARCH = YES;
				SDKROOT = iphoneos;
				TARGETED_DEVICE_FAMILY = "1,2";
			};
			name = Debug;
		};
		8745B306171B19920026321B /* Release */ = {
			isa = XCBuildConfiguration;
			buildSettings = {
				ALWAYS_SEARCH_USER_PATHS = NO;
				CLANG_CXX_LANGUAGE_STANDARD = "gnu++0x";
				CLANG_CXX_LIBRARY = "libc++";
				CLANG_ENABLE_OBJC_ARC = YES;
				CLANG_WARN_CONSTANT_CONVERSION = YES;
				CLANG_WARN_EMPTY_BODY = YES;
				CLANG_WARN_ENUM_CONVERSION = YES;
				CLANG_WARN_INT_CONVERSION = YES;
				CLANG_WARN__DUPLICATE_METHOD_MATCH = YES;
				"CODE_SIGN_IDENTITY[sdk=iphoneos*]" = "iPhone Developer";
				COPY_PHASE_STRIP = YES;
				GCC_C_LANGUAGE_STANDARD = gnu99;
				GCC_WARN_ABOUT_RETURN_TYPE = YES;
				GCC_WARN_UNINITIALIZED_AUTOS = YES;
				GCC_WARN_UNUSED_VARIABLE = YES;
				IPHONEOS_DEPLOYMENT_TARGET = 6.1;
				OTHER_CFLAGS = "-DNS_BLOCK_ASSERTIONS=1";
				SDKROOT = iphoneos;
				TARGETED_DEVICE_FAMILY = "1,2";
				VALIDATE_PRODUCT = YES;
			};
			name = Release;
		};
		8745B308171B19920026321B /* Debug */ = {
			isa = XCBuildConfiguration;
			buildSettings = {
				FRAMEWORK_SEARCH_PATHS = "$(inherited)";
				GCC_PRECOMPILE_PREFIX_HEADER = YES;
				GCC_PREFIX_HEADER = "Zuller/Zuller-Prefix.pch";
				"HEADER_SEARCH_PATHS[arch=*]" = "${SDK_DIR}/usr/include/libxml2";
				INFOPLIST_FILE = "Zuller/Zuller-Info.plist";
				IPHONEOS_DEPLOYMENT_TARGET = 5.0;
				LIBRARY_SEARCH_PATHS = "$(inherited)";
				"OTHER_LDFLAGS[arch=*]" = (
					"-all_load",
					"-ObjC",
				);
				PRODUCT_NAME = "$(TARGET_NAME)";
				SDKROOT = iphoneos6.1;
				WRAPPER_EXTENSION = app;
			};
			name = Debug;
		};
		8745B309171B19920026321B /* Release */ = {
			isa = XCBuildConfiguration;
			buildSettings = {
				FRAMEWORK_SEARCH_PATHS = "$(inherited)";
				GCC_PRECOMPILE_PREFIX_HEADER = YES;
				GCC_PREFIX_HEADER = "Zuller/Zuller-Prefix.pch";
				INFOPLIST_FILE = "Zuller/Zuller-Info.plist";
				IPHONEOS_DEPLOYMENT_TARGET = 5.0;
				LIBRARY_SEARCH_PATHS = "$(inherited)";
				PRODUCT_NAME = "$(TARGET_NAME)";
				SDKROOT = iphoneos6.1;
				WRAPPER_EXTENSION = app;
			};
			name = Release;
		};
		8745B30B171B19920026321B /* Debug */ = {
			isa = XCBuildConfiguration;
			buildSettings = {
				BUNDLE_LOADER = "$(BUILT_PRODUCTS_DIR)/Zuller.app/Zuller";
				FRAMEWORK_SEARCH_PATHS = (
					"\"$(SDKROOT)/Developer/Library/Frameworks\"",
					"\"$(DEVELOPER_LIBRARY_DIR)/Frameworks\"",
				);
				GCC_PRECOMPILE_PREFIX_HEADER = YES;
				GCC_PREFIX_HEADER = "Zuller/Zuller-Prefix.pch";
				INFOPLIST_FILE = "ZullerTests/ZullerTests-Info.plist";
				PRODUCT_NAME = "$(TARGET_NAME)";
				TEST_HOST = "$(BUNDLE_LOADER)";
				WRAPPER_EXTENSION = octest;
			};
			name = Debug;
		};
		8745B30C171B19920026321B /* Release */ = {
			isa = XCBuildConfiguration;
			buildSettings = {
				BUNDLE_LOADER = "$(BUILT_PRODUCTS_DIR)/Zuller.app/Zuller";
				FRAMEWORK_SEARCH_PATHS = (
					"\"$(SDKROOT)/Developer/Library/Frameworks\"",
					"\"$(DEVELOPER_LIBRARY_DIR)/Frameworks\"",
				);
				GCC_PRECOMPILE_PREFIX_HEADER = YES;
				GCC_PREFIX_HEADER = "Zuller/Zuller-Prefix.pch";
				INFOPLIST_FILE = "ZullerTests/ZullerTests-Info.plist";
				PRODUCT_NAME = "$(TARGET_NAME)";
				TEST_HOST = "$(BUNDLE_LOADER)";
				WRAPPER_EXTENSION = octest;
			};
			name = Release;
		};
/* End XCBuildConfiguration section */

/* Begin XCConfigurationList section */
		8745B2C7171B19920026321B /* Build configuration list for PBXProject "Zuller" */ = {
			isa = XCConfigurationList;
			buildConfigurations = (
				8745B305171B19920026321B /* Debug */,
				8745B306171B19920026321B /* Release */,
			);
			defaultConfigurationIsVisible = 0;
			defaultConfigurationName = Release;
		};
		8745B307171B19920026321B /* Build configuration list for PBXNativeTarget "Zuller" */ = {
			isa = XCConfigurationList;
			buildConfigurations = (
				8745B308171B19920026321B /* Debug */,
				8745B309171B19920026321B /* Release */,
			);
			defaultConfigurationIsVisible = 0;
			defaultConfigurationName = Release;
		};
		8745B30A171B19920026321B /* Build configuration list for PBXNativeTarget "ZullerTests" */ = {
			isa = XCConfigurationList;
			buildConfigurations = (
				8745B30B171B19920026321B /* Debug */,
				8745B30C171B19920026321B /* Release */,
			);
			defaultConfigurationIsVisible = 0;
			defaultConfigurationName = Release;
		};
/* End XCConfigurationList section */
	};
	rootObject = 8745B2C4171B19920026321B /* Project object */;
}
